
Microsoft Visual Studio Solution File, Format Version 12.00
# Visual Studio 14
VisualStudioVersion = 14.0.25123.0
MinimumVisualStudioVersion = 10.0.40219.1
Project("{FAE04EC0-301F-11D3-BF4B-00C04F79EFBC}") = "Heliosky.IoT.GPS", "Heliosky.IoT.GPS\Heliosky.IoT.GPS.csproj", "{05000B6E-ED5C-4280-A176-CCEEE55E2CE4}"
EndProject
Project("{FAE04EC0-301F-11D3-BF4B-00C04F79EFBC}") = "Heliosky.IoT.GPS.Test", "Heliosky.IoT.GPS.Test\Heliosky.IoT.GPS.Test.csproj", "{49121E39-4968-401C-88D9-09C8456071FE}"
EndProject
Project("{FAE04EC0-301F-11D3-BF4B-00C04F79EFBC}") = "Heliosky.IoT.GPS.SampleApp", "Heliosky.IoT.GPS.SampleApp\Heliosky.IoT.GPS.SampleApp.csproj", "{304E770B-C886-4EF4-90A4-B2EBDB0B0E8A}"
EndProject
Project("{FAE04EC0-301F-11D3-BF4B-00C04F79EFBC}") = "Heliosky.IoT.GPS.Service", "Heliosky.IoT.GPS.Service\Heliosky.IoT.GPS.Service.csproj", "{CD5190FF-32BE-4AE9-8A00-A6A29AD4B573}"
EndProject
Project("{FAE04EC0-301F-11D3-BF4B-00C04F79EFBC}") = "Heliosky.IoT.GPS.Legacy", "Heliosky.IoT.GPS.Legacy\Heliosky.IoT.GPS.Legacy.csproj", "{6CBB279B-9E24-4C81-860A-D03CA0D02CD9}"
EndProject
Project("{2150E333-8FDC-42A3-9474-1A3956D46DE8}") = "Legacy", "Legacy", "{99848A7C-3997-4AD0-90C0-A1848A8C5F18}"
EndProject
Project("{2150E333-8FDC-42A3-9474-1A3956D46DE8}") = "License", "License", "{C63B4755-7D5D-46C4-81CB-7320EA384877}"
	ProjectSection(SolutionItems) = preProject
		COPYING.LESSER.txt = COPYING.LESSER.txt
		COPYING.txt = COPYING.txt
	EndProjectSection
EndProject
Global
	GlobalSection(SolutionConfigurationPlatforms) = preSolution
		Debug|Any CPU = Debug|Any CPU
		Debug|ARM = Debug|ARM
		Debug|x64 = Debug|x64
		Debug|x86 = Debug|x86
		Release|Any CPU = Release|Any CPU
		Release|ARM = Release|ARM
		Release|x64 = Release|x64
		Release|x86 = Release|x86
	EndGlobalSection
	GlobalSection(ProjectConfigurationPlatforms) = postSolution
		{05000B6E-ED5C-4280-A176-CCEEE55E2CE4}.Debug|Any CPU.ActiveCfg = Debug|Any CPU
		{05000B6E-ED5C-4280-A176-CCEEE55E2CE4}.Debug|Any CPU.Build.0 = Debug|Any CPU
		{05000B6E-ED5C-4280-A176-CCEEE55E2CE4}.Debug|ARM.ActiveCfg = Debug|ARM
		{05000B6E-ED5C-4280-A176-CCEEE55E2CE4}.Debug|ARM.Build.0 = Debug|ARM
		{05000B6E-ED5C-4280-A176-CCEEE55E2CE4}.Debug|x64.ActiveCfg = Debug|x64
		{05000B6E-ED5C-4280-A176-CCEEE55E2CE4}.Debug|x64.Build.0 = Debug|x64
		{05000B6E-ED5C-4280-A176-CCEEE55E2CE4}.Debug|x86.ActiveCfg = Debug|x86
		{05000B6E-ED5C-4280-A176-CCEEE55E2CE4}.Debug|x86.Build.0 = Debug|x86
		{05000B6E-ED5C-4280-A176-CCEEE55E2CE4}.Release|Any CPU.ActiveCfg = Release|Any CPU
		{05000B6E-ED5C-4280-A176-CCEEE55E2CE4}.Release|Any CPU.Build.0 = Release|Any CPU
		{05000B6E-ED5C-4280-A176-CCEEE55E2CE4}.Release|ARM.ActiveCfg = Release|ARM
		{05000B6E-ED5C-4280-A176-CCEEE55E2CE4}.Release|ARM.Build.0 = Release|ARM
		{05000B6E-ED5C-4280-A176-CCEEE55E2CE4}.Release|x64.ActiveCfg = Release|x64
		{05000B6E-ED5C-4280-A176-CCEEE55E2CE4}.Release|x64.Build.0 = Release|x64
		{05000B6E-ED5C-4280-A176-CCEEE55E2CE4}.Release|x86.ActiveCfg = Release|x86
		{05000B6E-ED5C-4280-A176-CCEEE55E2CE4}.Release|x86.Build.0 = Release|x86
		{49121E39-4968-401C-88D9-09C8456071FE}.Debug|Any CPU.ActiveCfg = Debug|x86
		{49121E39-4968-401C-88D9-09C8456071FE}.Debug|ARM.ActiveCfg = Debug|ARM
		{49121E39-4968-401C-88D9-09C8456071FE}.Debug|ARM.Build.0 = Debug|ARM
		{49121E39-4968-401C-88D9-09C8456071FE}.Debug|ARM.Deploy.0 = Debug|ARM
		{49121E39-4968-401C-88D9-09C8456071FE}.Debug|x64.ActiveCfg = Debug|x64
		{49121E39-4968-401C-88D9-09C8456071FE}.Debug|x64.Build.0 = Debug|x64
		{49121E39-4968-401C-88D9-09C8456071FE}.Debug|x64.Deploy.0 = Debug|x64
		{49121E39-4968-401C-88D9-09C8456071FE}.Debug|x86.ActiveCfg = Debug|x86
		{49121E39-4968-401C-88D9-09C8456071FE}.Debug|x86.Build.0 = Debug|x86
		{49121E39-4968-401C-88D9-09C8456071FE}.Debug|x86.Deploy.0 = Debug|x86
		{49121E39-4968-401C-88D9-09C8456071FE}.Release|Any CPU.ActiveCfg = Release|x86
		{49121E39-4968-401C-88D9-09C8456071FE}.Release|ARM.ActiveCfg = Release|ARM
		{49121E39-4968-401C-88D9-09C8456071FE}.Release|ARM.Build.0 = Release|ARM
		{49121E39-4968-401C-88D9-09C8456071FE}.Release|ARM.Deploy.0 = Release|ARM
		{49121E39-4968-401C-88D9-09C8456071FE}.Release|x64.ActiveCfg = Release|x64
		{49121E39-4968-401C-88D9-09C8456071FE}.Release|x64.Build.0 = Release|x64
		{49121E39-4968-401C-88D9-09C8456071FE}.Release|x64.Deploy.0 = Release|x64
		{49121E39-4968-401C-88D9-09C8456071FE}.Release|x86.ActiveCfg = Release|x86
		{49121E39-4968-401C-88D9-09C8456071FE}.Release|x86.Build.0 = Release|x86
		{49121E39-4968-401C-88D9-09C8456071FE}.Release|x86.Deploy.0 = Release|x86
		{304E770B-C886-4EF4-90A4-B2EBDB0B0E8A}.Debug|Any CPU.ActiveCfg = Debug|x86
		{304E770B-C886-4EF4-90A4-B2EBDB0B0E8A}.Debug|Any CPU.Build.0 = Debug|x86
		{304E770B-C886-4EF4-90A4-B2EBDB0B0E8A}.Debug|Any CPU.Deploy.0 = Debug|x86
		{304E770B-C886-4EF4-90A4-B2EBDB0B0E8A}.Debug|ARM.ActiveCfg = Debug|ARM
		{304E770B-C886-4EF4-90A4-B2EBDB0B0E8A}.Debug|ARM.Build.0 = Debug|ARM
		{304E770B-C886-4EF4-90A4-B2EBDB0B0E8A}.Debug|ARM.Deploy.0 = Debug|ARM
		{304E770B-C886-4EF4-90A4-B2EBDB0B0E8A}.Debug|x64.ActiveCfg = Debug|x64
		{304E770B-C886-4EF4-90A4-B2EBDB0B0E8A}.Debug|x64.Build.0 = Debug|x64
		{304E770B-C886-4EF4-90A4-B2EBDB0B0E8A}.Debug|x64.Deploy.0 = Debug|x64
		{304E770B-C886-4EF4-90A4-B2EBDB0B0E8A}.Debug|x86.ActiveCfg = Debug|x86
		{304E770B-C886-4EF4-90A4-B2EBDB0B0E8A}.Debug|x86.Build.0 = Debug|x86
		{304E770B-C886-4EF4-90A4-B2EBDB0B0E8A}.Debug|x86.Deploy.0 = Debug|x86
		{304E770B-C886-4EF4-90A4-B2EBDB0B0E8A}.Release|Any CPU.ActiveCfg = Release|x86
		{304E770B-C886-4EF4-90A4-B2EBDB0B0E8A}.Release|ARM.ActiveCfg = Release|ARM
		{304E770B-C886-4EF4-90A4-B2EBDB0B0E8A}.Release|ARM.Build.0 = Release|ARM
		{304E770B-C886-4EF4-90A4-B2EBDB0B0E8A}.Release|ARM.Deploy.0 = Release|ARM
		{304E770B-C886-4EF4-90A4-B2EBDB0B0E8A}.Release|x64.ActiveCfg = Release|x64
		{304E770B-C886-4EF4-90A4-B2EBDB0B0E8A}.Release|x64.Build.0 = Release|x64
		{304E770B-C886-4EF4-90A4-B2EBDB0B0E8A}.Release|x64.Deploy.0 = Release|x64
		{304E770B-C886-4EF4-90A4-B2EBDB0B0E8A}.Release|x86.ActiveCfg = Release|x86
		{304E770B-C886-4EF4-90A4-B2EBDB0B0E8A}.Release|x86.Build.0 = Release|x86
		{304E770B-C886-4EF4-90A4-B2EBDB0B0E8A}.Release|x86.Deploy.0 = Release|x86
		{CD5190FF-32BE-4AE9-8A00-A6A29AD4B573}.Debug|Any CPU.ActiveCfg = Debug|x86
		{CD5190FF-32BE-4AE9-8A00-A6A29AD4B573}.Debug|ARM.ActiveCfg = Debug|ARM
		{CD5190FF-32BE-4AE9-8A00-A6A29AD4B573}.Debug|ARM.Build.0 = Debug|ARM
		{CD5190FF-32BE-4AE9-8A00-A6A29AD4B573}.Debug|ARM.Deploy.0 = Debug|ARM
		{CD5190FF-32BE-4AE9-8A00-A6A29AD4B573}.Debug|x64.ActiveCfg = Debug|x64
		{CD5190FF-32BE-4AE9-8A00-A6A29AD4B573}.Debug|x64.Build.0 = Debug|x64
		{CD5190FF-32BE-4AE9-8A00-A6A29AD4B573}.Debug|x64.Deploy.0 = Debug|x64
		{CD5190FF-32BE-4AE9-8A00-A6A29AD4B573}.Debug|x86.ActiveCfg = Debug|x86
		{CD5190FF-32BE-4AE9-8A00-A6A29AD4B573}.Debug|x86.Build.0 = Debug|x86
		{CD5190FF-32BE-4AE9-8A00-A6A29AD4B573}.Debug|x86.Deploy.0 = Debug|x86
		{CD5190FF-32BE-4AE9-8A00-A6A29AD4B573}.Release|Any CPU.ActiveCfg = Release|x86
		{CD5190FF-32BE-4AE9-8A00-A6A29AD4B573}.Release|ARM.ActiveCfg = Release|ARM
		{CD5190FF-32BE-4AE9-8A00-A6A29AD4B573}.Release|ARM.Build.0 = Release|ARM
		{CD5190FF-32BE-4AE9-8A00-A6A29AD4B573}.Release|ARM.Deploy.0 = Release|ARM
		{CD5190FF-32BE-4AE9-8A00-A6A29AD4B573}.Release|x64.ActiveCfg = Release|x64
		{CD5190FF-32BE-4AE9-8A00-A6A29AD4B573}.Release|x64.Build.0 = Release|x64
		{CD5190FF-32BE-4AE9-8A00-A6A29AD4B573}.Release|x64.Deploy.0 = Release|x64
		{CD5190FF-32BE-4AE9-8A00-A6A29AD4B573}.Release|x86.ActiveCfg = Release|x86
		{CD5190FF-32BE-4AE9-8A00-A6A29AD4B573}.Release|x86.Build.0 = Release|x86
		{CD5190FF-32BE-4AE9-8A00-A6A29AD4B573}.Release|x86.Deploy.0 = Release|x86
		{6CBB279B-9E24-4C81-860A-D03CA0D02CD9}.Debug|Any CPU.ActiveCfg = Debug|Any CPU
		{6CBB279B-9E24-4C81-860A-D03CA0D02CD9}.Debug|Any CPU.Build.0 = Debug|Any CPU
		{6CBB279B-9E24-4C81-860A-D03CA0D02CD9}.Debug|ARM.ActiveCfg = Debug|ARM
		{6CBB279B-9E24-4C81-860A-D03CA0D02CD9}.Debug|x64.ActiveCfg = Debug|x64
		{6CBB279B-9E24-4C81-860A-D03CA0D02CD9}.Debug|x64.Build.0 = Debug|x64
		{6CBB279B-9E24-4C81-860A-D03CA0D02CD9}.Debug|x86.ActiveCfg = Debug|x86
		{6CBB279B-9E24-4C81-860A-D03CA0D02CD9}.Debug|x86.Build.0 = Debug|x86
		{6CBB279B-9E24-4C81-860A-D03CA0D02CD9}.Release|Any CPU.ActiveCfg = Release|Any CPU
		{6CBB279B-9E24-4C81-860A-D03CA0D02CD9}.Release|Any CPU.Build.0 = Release|Any CPU
		{6CBB279B-9E24-4C81-860A-D03CA0D02CD9}.Release|ARM.ActiveCfg = Release|ARM
		{6CBB279B-9E24-4C81-860A-D03CA0D02CD9}.Release|x64.ActiveCfg = Release|x64
		{6CBB279B-9E24-4C81-860A-D03CA0D02CD9}.Release|x64.Build.0 = Release|x64
		{6CBB279B-9E24-4C81-860A-D03CA0D02CD9}.Release|x86.ActiveCfg = Release|x86
		{6CBB279B-9E24-4C81-860A-D03CA0D02CD9}.Release|x86.Build.0 = Release|x86
	EndGlobalSection
	GlobalSection(SolutionProperties) = preSolution
		HideSolutionNode = FALSE
	EndGlobalSection
	GlobalSection(NestedProjects) = preSolution
		{6CBB279B-9E24-4C81-860A-D03CA0D02CD9} = {99848A7C-3997-4AD0-90C0-A1848A8C5F18}
	EndGlobalSection
EndGlobal
